
Microsoft Visual Studio Solution File, Format Version 12.00
# Visual Studio 15
VisualStudioVersion = 15.0.27428.2015
MinimumVisualStudioVersion = 10.0.40219.1
Project("{FAE04EC0-301F-11D3-BF4B-00C04F79EFBC}") = "AhpilyServer", "AhpilyServer\AhpilyServer.csproj", "{5D250492-56CD-4EC4-9933-B86692777F4B}"
EndProject
Project("{FAE04EC0-301F-11D3-BF4B-00C04F79EFBC}") = "GameServer", "GameServer\GameServer.csproj", "{19745814-D843-4898-AFD0-47D199984A21}"
EndProject
Global
	GlobalSection(SolutionConfigurationPlatforms) = preSolution
		Debug|Any CPU = Debug|Any CPU
		Release|Any CPU = Release|Any CPU
	EndGlobalSection
	GlobalSection(ProjectConfigurationPlatforms) = postSolution
		{5D250492-56CD-4EC4-9933-B86692777F4B}.Debug|Any CPU.ActiveCfg = Debug|Any CPU
		{5D250492-56CD-4EC4-9933-B86692777F4B}.Debug|Any CPU.Build.0 = Debug|Any CPU
		{5D250492-56CD-4EC4-9933-B86692777F4B}.Release|Any CPU.ActiveCfg = Release|Any CPU
		{5D250492-56CD-4EC4-9933-B86692777F4B}.Release|Any CPU.Build.0 = Release|Any CPU
		{19745814-D843-4898-AFD0-47D199984A21}.Debug|Any CPU.ActiveCfg = Debug|Any CPU
		{19745814-D843-4898-AFD0-47D199984A21}.Debug|Any CPU.Build.0 = Debug|Any CPU
		{19745814-D843-4898-AFD0-47D199984A21}.Release|Any CPU.ActiveCfg = Release|Any CPU
		{19745814-D843-4898-AFD0-47D199984A21}.Release|Any CPU.Build.0 = Release|Any CPU
	EndGlobalSection
	GlobalSection(SolutionProperties) = preSolution
		HideSolutionNode = FALSE
	EndGlobalSection
	GlobalSection(ExtensibilityGlobals) = postSolution
		SolutionGuid = {80386E5B-6D1C-466C-889F-B64CCBA1A5B5}
	EndGlobalSection
EndGlobal
